
Microsoft Visual Studio Solution File, Format Version 12.00
# Visual Studio 2012
Project("{FAE04EC0-301F-11D3-BF4B-00C04F79EFBC}") = "StreamChat.Core", "StreamChat.Core\StreamChat.Core.csproj", "{0335ED27-AD28-483B-AF0E-21F31D70BA7E}"
EndProject
Project("{FAE04EC0-301F-11D3-BF4B-00C04F79EFBC}") = "StreamChat.WPhone", "StreamChat.WPhone\StreamChat.WPhone.csproj", "{2599639B-69E0-4761-A13A-339D56A681F8}"
EndProject
Project("{FAE04EC0-301F-11D3-BF4B-00C04F79EFBC}") = "StreamChat.Droid", "StreamChat.Droid\StreamChat.Droid.csproj", "{32C3E174-C8D4-49B4-8C61-E2A4CE530A1A}"
EndProject
Global
	GlobalSection(SolutionConfigurationPlatforms) = preSolution
		Debug|Any CPU = Debug|Any CPU
		Release|Any CPU = Release|Any CPU
	EndGlobalSection
	GlobalSection(ProjectConfigurationPlatforms) = postSolution
		{0335ED27-AD28-483B-AF0E-21F31D70BA7E}.Debug|Any CPU.ActiveCfg = Debug|Any CPU
		{0335ED27-AD28-483B-AF0E-21F31D70BA7E}.Debug|Any CPU.Build.0 = Debug|Any CPU
		{0335ED27-AD28-483B-AF0E-21F31D70BA7E}.Release|Any CPU.ActiveCfg = Release|Any CPU
		{0335ED27-AD28-483B-AF0E-21F31D70BA7E}.Release|Any CPU.Build.0 = Release|Any CPU
		{2599639B-69E0-4761-A13A-339D56A681F8}.Debug|Any CPU.ActiveCfg = Debug|Any CPU
		{2599639B-69E0-4761-A13A-339D56A681F8}.Debug|Any CPU.Build.0 = Debug|Any CPU
		{2599639B-69E0-4761-A13A-339D56A681F8}.Debug|Any CPU.Deploy.0 = Debug|Any CPU
		{2599639B-69E0-4761-A13A-339D56A681F8}.Release|Any CPU.ActiveCfg = Release|Any CPU
		{2599639B-69E0-4761-A13A-339D56A681F8}.Release|Any CPU.Build.0 = Release|Any CPU
		{2599639B-69E0-4761-A13A-339D56A681F8}.Release|Any CPU.Deploy.0 = Release|Any CPU
		{32C3E174-C8D4-49B4-8C61-E2A4CE530A1A}.Debug|Any CPU.ActiveCfg = Debug|Any CPU
		{32C3E174-C8D4-49B4-8C61-E2A4CE530A1A}.Debug|Any CPU.Build.0 = Debug|Any CPU
		{32C3E174-C8D4-49B4-8C61-E2A4CE530A1A}.Debug|Any CPU.Deploy.0 = Debug|Any CPU
		{32C3E174-C8D4-49B4-8C61-E2A4CE530A1A}.Release|Any CPU.ActiveCfg = Release|Any CPU
		{32C3E174-C8D4-49B4-8C61-E2A4CE530A1A}.Release|Any CPU.Build.0 = Release|Any CPU
		{32C3E174-C8D4-49B4-8C61-E2A4CE530A1A}.Release|Any CPU.Deploy.0 = Release|Any CPU
	EndGlobalSection
	GlobalSection(SolutionProperties) = preSolution
		HideSolutionNode = FALSE
	EndGlobalSection
EndGlobal
